// !$*UTF8*$!
{
	archiveVersion = 1;
	classes = {
	};
	objectVersion = 50;
	objects = {

/* Begin PBXBuildFile section */
		AD6DF84626D7122E006418D3 /* AppDelegate.swift in Sources */ = {isa = PBXBuildFile; fileRef = AD6DF84526D7122E006418D3 /* AppDelegate.swift */; };
		AD6DF84826D7122E006418D3 /* SceneDelegate.swift in Sources */ = {isa = PBXBuildFile; fileRef = AD6DF84726D7122E006418D3 /* SceneDelegate.swift */; };
		AD6DF84F26D7122F006418D3 /* Assets.xcassets in Resources */ = {isa = PBXBuildFile; fileRef = AD6DF84E26D7122F006418D3 /* Assets.xcassets */; };
		AD6DF85226D7122F006418D3 /* LaunchScreen.storyboard in Resources */ = {isa = PBXBuildFile; fileRef = AD6DF85026D7122F006418D3 /* LaunchScreen.storyboard */; };
		AD6DF85A26D712AE006418D3 /* Main.storyboard in Resources */ = {isa = PBXBuildFile; fileRef = AD6DF85926D712AE006418D3 /* Main.storyboard */; };
		AD6DF85C26D712DC006418D3 /* DetailVireController.storyboard in Resources */ = {isa = PBXBuildFile; fileRef = AD6DF85B26D712DC006418D3 /* DetailVireController.storyboard */; };
		AD6DF86326D712F0006418D3 /* NetworkLayer.swift in Sources */ = {isa = PBXBuildFile; fileRef = AD6DF85D26D712EF006418D3 /* NetworkLayer.swift */; };
		AD6DF86426D712F0006418D3 /* MovieModel.swift in Sources */ = {isa = PBXBuildFile; fileRef = AD6DF85E26D712EF006418D3 /* MovieModel.swift */; };
		AD6DF86526D712F0006418D3 /* MovieCell.swift in Sources */ = {isa = PBXBuildFile; fileRef = AD6DF85F26D712EF006418D3 /* MovieCell.swift */; };
		AD6DF86726D712F0006418D3 /* DetailViewController.swift in Sources */ = {isa = PBXBuildFile; fileRef = AD6DF86126D712F0006418D3 /* DetailViewController.swift */; };
		AD6DF86826D712F0006418D3 /* ViewController.swift in Sources */ = {isa = PBXBuildFile; fileRef = AD6DF86226D712F0006418D3 /* ViewController.swift */; };
/* End PBXBuildFile section */

/* Begin PBXFileReference section */
		AD6DF84226D7122E006418D3 /* TestMovie.app */ = {isa = PBXFileReference; explicitFileType = wrapper.application; includeInIndex = 0; path = TestMovie.app; sourceTree = BUILT_PRODUCTS_DIR; };
		AD6DF84526D7122E006418D3 /* AppDelegate.swift */ = {isa = PBXFileReference; lastKnownFileType = sourcecode.swift; path = AppDelegate.swift; sourceTree = "<group>"; };
		AD6DF84726D7122E006418D3 /* SceneDelegate.swift */ = {isa = PBXFileReference; lastKnownFileType = sourcecode.swift; path = SceneDelegate.swift; sourceTree = "<group>"; };
		AD6DF84E26D7122F006418D3 /* Assets.xcassets */ = {isa = PBXFileReference; lastKnownFileType = folder.assetcatalog; path = Assets.xcassets; sourceTree = "<group>"; };
		AD6DF85126D7122F006418D3 /* Base */ = {isa = PBXFileReference; lastKnownFileType = file.storyboard; name = Base; path = Base.lproj/LaunchScreen.storyboard; sourceTree = "<group>"; };
		AD6DF85326D7122F006418D3 /* Info.plist */ = {isa = PBXFileReference; lastKnownFileType = text.plist.xml; path = Info.plist; sourceTree = "<group>"; };
		AD6DF85926D712AE006418D3 /* Main.storyboard */ = {isa = PBXFileReference; fileEncoding = 4; lastKnownFileType = file.storyboard; path = Main.storyboard; sourceTree = "<group>"; };
		AD6DF85B26D712DC006418D3 /* DetailVireController.storyboard */ = {isa = PBXFileReference; fileEncoding = 4; lastKnownFileType = file.storyboard; path = DetailVireController.storyboard; sourceTree = "<group>"; };
		AD6DF85D26D712EF006418D3 /* NetworkLayer.swift */ = {isa = PBXFileReference; fileEncoding = 4; lastKnownFileType = sourcecode.swift; path = NetworkLayer.swift; sourceTree = "<group>"; };
		AD6DF85E26D712EF006418D3 /* MovieModel.swift */ = {isa = PBXFileReference; fileEncoding = 4; lastKnownFileType = sourcecode.swift; path = MovieModel.swift; sourceTree = "<group>"; };
		AD6DF85F26D712EF006418D3 /* MovieCell.swift */ = {isa = PBXFileReference; fileEncoding = 4; lastKnownFileType = sourcecode.swift; path = MovieCell.swift; sourceTree = "<group>"; };
		AD6DF86126D712F0006418D3 /* DetailViewController.swift */ = {isa = PBXFileReference; fileEncoding = 4; lastKnownFileType = sourcecode.swift; path = DetailViewController.swift; sourceTree = "<group>"; };
		AD6DF86226D712F0006418D3 /* ViewController.swift */ = {isa = PBXFileReference; fileEncoding = 4; lastKnownFileType = sourcecode.swift; name = ViewController.swift; path = ../../../Downloads/06_MovieApp/06_MovieApp/ViewController.swift; sourceTree = "<group>"; };
/* End PBXFileReference section */

/* Begin PBXFrameworksBuildPhase section */
		AD6DF83F26D7122E006418D3 /* Frameworks */ = {
			isa = PBXFrameworksBuildPhase;
			buildActionMask = 2147483647;
			files = (
			);
			runOnlyForDeploymentPostprocessing = 0;
		};
/* End PBXFrameworksBuildPhase section */

/* Begin PBXGroup section */
		AD6DF83926D7122E006418D3 = {
			isa = PBXGroup;
			children = (
				AD6DF84426D7122E006418D3 /* TestMovie */,
				AD6DF84326D7122E006418D3 /* Products */,
			);
			sourceTree = "<group>";
		};
		AD6DF84326D7122E006418D3 /* Products */ = {
			isa = PBXGroup;
			children = (
				AD6DF84226D7122E006418D3 /* TestMovie.app */,
			);
			name = Products;
			sourceTree = "<group>";
		};
		AD6DF84426D7122E006418D3 /* TestMovie */ = {
			isa = PBXGroup;
			children = (
				AD6DF84526D7122E006418D3 /* AppDelegate.swift */,
				AD6DF84726D7122E006418D3 /* SceneDelegate.swift */,
				AD6DF86126D712F0006418D3 /* DetailViewController.swift */,
				AD6DF85F26D712EF006418D3 /* MovieCell.swift */,
				AD6DF85E26D712EF006418D3 /* MovieModel.swift */,
				AD6DF85D26D712EF006418D3 /* NetworkLayer.swift */,
				AD6DF86226D712F0006418D3 /* ViewController.swift */,
				AD6DF85B26D712DC006418D3 /* DetailVireController.storyboard */,
				AD6DF84E26D7122F006418D3 /* Assets.xcassets */,
				AD6DF85926D712AE006418D3 /* Main.storyboard */,
				AD6DF85026D7122F006418D3 /* LaunchScreen.storyboard */,
				AD6DF85326D7122F006418D3 /* Info.plist */,
			);
			path = TestMovie;
			sourceTree = "<group>";
		};
/* End PBXGroup section */

/* Begin PBXNativeTarget section */
		AD6DF84126D7122E006418D3 /* TestMovie */ = {
			isa = PBXNativeTarget;
			buildConfigurationList = AD6DF85626D7122F006418D3 /* Build configuration list for PBXNativeTarget "TestMovie" */;
			buildPhases = (
				AD6DF83E26D7122E006418D3 /* Sources */,
				AD6DF83F26D7122E006418D3 /* Frameworks */,
				AD6DF84026D7122E006418D3 /* Resources */,
			);
			buildRules = (
			);
			dependencies = (
			);
			name = TestMovie;
			productName = TestMovie;
			productReference = AD6DF84226D7122E006418D3 /* TestMovie.app */;
			productType = "com.apple.product-type.application";
		};
/* End PBXNativeTarget section */

/* Begin PBXProject section */
		AD6DF83A26D7122E006418D3 /* Project object */ = {
			isa = PBXProject;
			attributes = {
				LastSwiftUpdateCheck = 1250;
				LastUpgradeCheck = 1250;
				TargetAttributes = {
					AD6DF84126D7122E006418D3 = {
						CreatedOnToolsVersion = 12.5.1;
					};
				};
			};
			buildConfigurationList = AD6DF83D26D7122E006418D3 /* Build configuration list for PBXProject "TestMovie" */;
			compatibilityVersion = "Xcode 9.3";
			developmentRegion = en;
			hasScannedForEncodings = 0;
			knownRegions = (
				en,
				Base,
			);
			mainGroup = AD6DF83926D7122E006418D3;
			productRefGroup = AD6DF84326D7122E006418D3 /* Products */;
			projectDirPath = "";
			projectRoot = "";
			targets = (
				AD6DF84126D7122E006418D3 /* TestMovie */,
			);
		};
/* End PBXProject section */

/* Begin PBXResourcesBuildPhase section */
		AD6DF84026D7122E006418D3 /* Resources */ = {
			isa = PBXResourcesBuildPhase;
			buildActionMask = 2147483647;
			files = (
				AD6DF85A26D712AE006418D3 /* Main.storyboard in Resources */,
				AD6DF85226D7122F006418D3 /* LaunchScreen.storyboard in Resources */,
				AD6DF84F26D7122F006418D3 /* Assets.xcassets in Resources */,
				AD6DF85C26D712DC006418D3 /* DetailVireController.storyboard in Resources */,
			);
			runOnlyForDeploymentPostprocessing = 0;
		};
/* End PBXResourcesBuildPhase section */

/* Begin PBXSourcesBuildPhase section */
		AD6DF83E26D7122E006418D3 /* Sources */ = {
			isa = PBXSourcesBuildPhase;
			buildActionMask = 2147483647;
			files = (
				AD6DF86326D712F0006418D3 /* NetworkLayer.swift in Sources */,
				AD6DF86826D712F0006418D3 /* ViewController.swift in Sources */,
				AD6DF86526D712F0006418D3 /* MovieCell.swift in Sources */,
				AD6DF86426D712F0006418D3 /* MovieModel.swift in Sources */,
				AD6DF84626D7122E006418D3 /* AppDelegate.swift in Sources */,
				AD6DF84826D7122E006418D3 /* SceneDelegate.swift in Sources */,
				AD6DF86726D712F0006418D3 /* DetailViewController.swift in Sources */,
			);
			runOnlyForDeploymentPostprocessing = 0;
		};
/* End PBXSourcesBuildPhase section */

/* Begin PBXVariantGroup section */
		AD6DF85026D7122F006418D3 /* LaunchScreen.storyboard */ = {
			isa = PBXVariantGroup;
			children = (
				AD6DF85126D7122F006418D3 /* Base */,
			);
			name = LaunchScreen.storyboard;
			sourceTree = "<group>";
		};
/* End PBXVariantGroup section */

/* Begin XCBuildConfiguration section */
		AD6DF85426D7122F006418D3 /* Debug */ = {
			isa = XCBuildConfiguration;
			buildSettings = {
				ALWAYS_SEARCH_USER_PATHS = NO;
				CLANG_ANALYZER_NONNULL = YES;
				CLANG_ANALYZER_NUMBER_OBJECT_CONVERSION = YES_AGGRESSIVE;
				CLANG_CXX_LANGUAGE_STANDARD = "gnu++14";
				CLANG_CXX_LIBRARY = "libc++";
				CLANG_ENABLE_MODULES = YES;
				CLANG_ENABLE_OBJC_ARC = YES;
				CLANG_ENABLE_OBJC_WEAK = YES;
				CLANG_WARN_BLOCK_CAPTURE_AUTORELEASING = YES;
				CLANG_WARN_BOOL_CONVERSION = YES;
				CLANG_WARN_COMMA = YES;
				CLANG_WARN_CONSTANT_CONVERSION = YES;
				CLANG_WARN_DEPRECATED_OBJC_IMPLEMENTATIONS = YES;
				CLANG_WARN_DIRECT_OBJC_ISA_USAGE = YES_ERROR;
				CLANG_WARN_DOCUMENTATION_COMMENTS = YES;
				CLANG_WARN_EMPTY_BODY = YES;
				CLANG_WARN_ENUM_CONVERSION = YES;
				CLANG_WARN_INFINITE_RECURSION = YES;
				CLANG_WARN_INT_CONVERSION = YES;
				CLANG_WARN_NON_LITERAL_NULL_CONVERSION = YES;
				CLANG_WARN_OBJC_IMPLICIT_RETAIN_SELF = YES;
				CLANG_WARN_OBJC_LITERAL_CONVERSION = YES;
				CLANG_WARN_OBJC_ROOT_CLASS = YES_ERROR;
				CLANG_WARN_QUOTED_INCLUDE_IN_FRAMEWORK_HEADER = YES;
				CLANG_WARN_RANGE_LOOP_ANALYSIS = YES;
				CLANG_WARN_STRICT_PROTOTYPES = YES;
				CLANG_WARN_SUSPICIOUS_MOVE = YES;
				CLANG_WARN_UNGUARDED_AVAILABILITY = YES_AGGRESSIVE;
				CLANG_WARN_UNREACHABLE_CODE = YES;
				CLANG_WARN__DUPLICATE_METHOD_MATCH = YES;
				COPY_PHASE_STRIP = NO;
				DEBUG_INFORMATION_FORMAT = dwarf;
				ENABLE_STRICT_OBJC_MSGSEND = YES;
				ENABLE_TESTABILITY = YES;
				GCC_C_LANGUAGE_STANDARD = gnu11;
				GCC_DYNAMIC_NO_PIC = NO;
				GCC_NO_COMMON_BLOCKS = YES;
				GCC_OPTIMIZATION_LEVEL = 0;
				GCC_PREPROCESSOR_DEFINITIONS = (
					"DEBUG=1",
					"$(inherited)",
				);
				GCC_WARN_64_TO_32_BIT_CONVERSION = YES;
				GCC_WARN_ABOUT_RETURN_TYPE = YES_ERROR;
				GCC_WARN_UNDECLARED_SELECTOR = YES;
				GCC_WARN_UNINITIALIZED_AUTOS = YES_AGGRESSIVE;
				GCC_WARN_UNUSED_FUNCTION = YES;
				GCC_WARN_UNUSED_VARIABLE = YES;
				IPHONEOS_DEPLOYMENT_TARGET = 14.5;
				MTL_ENABLE_DEBUG_INFO = INCLUDE_SOURCE;
				MTL_FAST_MATH = YES;
				ONLY_ACTIVE_ARCH = YES;
				SDKROOT = iphoneos;
				SWIFT_ACTIVE_COMPILATION_CONDITIONS = DEBUG;
				SWIFT_OPTIMIZATION_LEVEL = "-Onone";
			};
			name = Debug;
		};
		AD6DF85526D7122F006418D3 /* Release */ = {
			isa = XCBuildConfiguration;
			buildSettings = {
				ALWAYS_SEARCH_USER_PATHS = NO;
				CLANG_ANALYZER_NONNULL = YES;
				CLANG_ANALYZER_NUMBER_OBJECT_CONVERSION = YES_AGGRESSIVE;
				CLANG_CXX_LANGUAGE_STANDARD = "gnu++14";
				CLANG_CXX_LIBRARY = "libc++";
				CLANG_ENABLE_MODULES = YES;
				CLANG_ENABLE_OBJC_ARC = YES;
				CLANG_ENABLE_OBJC_WEAK = YES;
				CLANG_WARN_BLOCK_CAPTURE_AUTORELEASING = YES;
				CLANG_WARN_BOOL_CONVERSION = YES;
				CLANG_WARN_COMMA = YES;
				CLANG_WARN_CONSTANT_CONVERSION = YES;
				CLANG_WARN_DEPRECATED_OBJC_IMPLEMENTATIONS = YES;
				CLANG_WARN_DIRECT_OBJC_ISA_USAGE = YES_ERROR;
				CLANG_WARN_DOCUMENTATION_COMMENTS = YES;
				CLANG_WARN_EMPTY_BODY = YES;
				CLANG_WARN_ENUM_CONVERSION = YES;
				CLANG_WARN_INFINITE_RECURSION = YES;
				CLANG_WARN_INT_CONVERSION = YES;
				CLANG_WARN_NON_LITERAL_NULL_CONVERSION = YES;
				CLANG_WARN_OBJC_IMPLICIT_RETAIN_SELF = YES;
				CLANG_WARN_OBJC_LITERAL_CONVERSION = YES;
				CLANG_WARN_OBJC_ROOT_CLASS = YES_ERROR;
				CLANG_WARN_QUOTED_INCLUDE_IN_FRAMEWORK_HEADER = YES;
				CLANG_WARN_RANGE_LOOP_ANALYSIS = YES;
				CLANG_WARN_STRICT_PROTOTYPES = YES;
				CLANG_WARN_SUSPICIOUS_MOVE = YES;
				CLANG_WARN_UNGUARDED_AVAILABILITY = YES_AGGRESSIVE;
				CLANG_WARN_UNREACHABLE_CODE = YES;
				CLANG_WARN__DUPLICATE_METHOD_MATCH = YES;
				COPY_PHASE_STRIP = NO;
				DEBUG_INFORMATION_FORMAT = "dwarf-with-dsym";
				ENABLE_NS_ASSERTIONS = NO;
				ENABLE_STRICT_OBJC_MSGSEND = YES;
				GCC_C_LANGUAGE_STANDARD = gnu11;
				GCC_NO_COMMON_BLOCKS = YES;
				GCC_WARN_64_TO_32_BIT_CONVERSION = YES;
				GCC_WARN_ABOUT_RETURN_TYPE = YES_ERROR;
				GCC_WARN_UNDECLARED_SELECTOR = YES;
				GCC_WARN_UNINITIALIZED_AUTOS = YES_AGGRESSIVE;
				GCC_WARN_UNUSED_FUNCTION = YES;
				GCC_WARN_UNUSED_VARIABLE = YES;
				IPHONEOS_DEPLOYMENT_TARGET = 14.5;
				MTL_ENABLE_DEBUG_INFO = NO;
				MTL_FAST_MATH = YES;
				SDKROOT = iphoneos;
				SWIFT_COMPILATION_MODE = wholemodule;
				SWIFT_OPTIMIZATION_LEVEL = "-O";
				VALIDATE_PRODUCT = YES;
			};
			name = Release;
		};
		AD6DF85726D7122F006418D3 /* Debug */ = {
			isa = XCBuildConfiguration;
			buildSettings = {
				ASSETCATALOG_COMPILER_APPICON_NAME = AppIcon;
				ASSETCATALOG_COMPILER_GLOBAL_ACCENT_COLOR_NAME = AccentColor;
				CODE_SIGN_STYLE = Automatic;
				DEVELOPMENT_TEAM = KFH4K8M55Z;
				INFOPLIST_FILE = TestMovie/Info.plist;
				LD_RUNPATH_SEARCH_PATHS = (
					"$(inherited)",
					"@executable_path/Frameworks",
				);
				PRODUCT_BUNDLE_IDENTIFIER = Hwang.TestMovie;
				PRODUCT_NAME = "$(TARGET_NAME)";
				SWIFT_VERSION = 5.0;
				TARGETED_DEVICE_FAMILY = "1,2";
			};
			name = Debug;
		};
		AD6DF85826D7122F006418D3 /* Release */ = {
			isa = XCBuildConfiguration;
			buildSettings = {
				ASSETCATALOG_COMPILER_APPICON_NAME = AppIcon;
				ASSETCATALOG_COMPILER_GLOBAL_ACCENT_COLOR_NAME = AccentColor;
				CODE_SIGN_STYLE = Automatic;
				DEVELOPMENT_TEAM = KFH4K8M55Z;
				INFOPLIST_FILE = TestMovie/Info.plist;
				LD_RUNPATH_SEARCH_PATHS = (
					"$(inherited)",
					"@executable_path/Frameworks",
				);
				PRODUCT_BUNDLE_IDENTIFIER = Hwang.TestMovie;
				PRODUCT_NAME = "$(TARGET_NAME)";
				SWIFT_VERSION = 5.0;
				TARGETED_DEVICE_FAMILY = "1,2";
			};
			name = Release;
		};
/* End XCBuildConfiguration section */

/* Begin XCConfigurationList section */
		AD6DF83D26D7122E006418D3 /* Build configuration list for PBXProject "TestMovie" */ = {
			isa = XCConfigurationList;
			buildConfigurations = (
				AD6DF85426D7122F006418D3 /* Debug */,
				AD6DF85526D7122F006418D3 /* Release */,
			);
			defaultConfigurationIsVisible = 0;
			defaultConfigurationName = Release;
		};
		AD6DF85626D7122F006418D3 /* Build configuration list for PBXNativeTarget "TestMovie" */ = {
			isa = XCConfigurationList;
			buildConfigurations = (
				AD6DF85726D7122F006418D3 /* Debug */,
				AD6DF85826D7122F006418D3 /* Release */,
			);
			defaultConfigurationIsVisible = 0;
			defaultConfigurationName = Release;
		};
/* End XCConfigurationList section */
	};
	rootObject = AD6DF83A26D7122E006418D3 /* Project object */;
}
